# THIS IS AN AUTOGENERATED LOCKFILE. DO NOT EDIT MANUALLY.
annotated-types==0.7.0
certifi==2025.6.15
charset-normalizer==3.4.2
decorator==4.4.2
idna==3.10
imageio==2.37.0
imageio-ffmpeg==0.6.0
moviepy==1.0.3
numpy==2.3.1
pillow==11.2.1
pip==25.1.1
proglog==0.1.12
pycryptodomex==3.23.0
pydantic==2.11.7
pydantic_core==2.33.2
PySocks==1.7.1
requests==2.32.4
tqdm==4.67.1
typing-inspection==0.4.1
typing_extensions==4.14.0
urllib3==2.5.0
