# THIS IS AN AUTOGENERATED LOCKFILE. DO NOT EDIT MANUALLY.
certifi==2020.12.5
chardet==4.0.0
decorator==4.4.2
idna==2.10
imageio==2.9.0
imageio-ffmpeg==0.4.3
moviepy==1.0.3
numpy==1.20.2
Pillow==8.2.0
pip==21.0.1
proglog==0.1.9
pycryptodomex==3.9.9
pydantic==1.8.1
PySocks==1.7.1
requests==2.25.1
setuptools==53.0.0
tqdm==4.60.0
typing-extensions==3.7.4.3
urllib3==1.26.4
wheel==0.36.2
